
Microsoft Visual Studio Solution File, Format Version 12.00
# Visual Studio Version 16
VisualStudioVersion = 16.0.30907.101
MinimumVisualStudioVersion = 10.0.40219.1
Project("{FAE04EC0-301F-11D3-BF4B-00C04F79EFBC}") = "MulticlientCreator", "MulticlientCreator\MulticlientCreator.csproj", "{CEFEC95B-E3D3-4855-9F5A-3CB66D36972D}"
EndProject
Global
	GlobalSection(SolutionConfigurationPlatforms) = preSolution
		Debug|Any CPU = Debug|Any CPU
		Release|Any CPU = Release|Any CPU
	EndGlobalSection
	GlobalSection(ProjectConfigurationPlatforms) = postSolution
		{CEFEC95B-E3D3-4855-9F5A-3CB66D36972D}.Debug|Any CPU.ActiveCfg = Debug|Any CPU
		{CEFEC95B-E3D3-4855-9F5A-3CB66D36972D}.Debug|Any CPU.Build.0 = Debug|Any CPU
		{CEFEC95B-E3D3-4855-9F5A-3CB66D36972D}.Release|Any CPU.ActiveCfg = Release|Any CPU
		{CEFEC95B-E3D3-4855-9F5A-3CB66D36972D}.Release|Any CPU.Build.0 = Release|Any CPU
	EndGlobalSection
	GlobalSection(SolutionProperties) = preSolution
		HideSolutionNode = FALSE
	EndGlobalSection
	GlobalSection(ExtensibilityGlobals) = postSolution
		SolutionGuid = {4C0254BE-CBEE-434E-AC6E-7674A3DF3B68}
	EndGlobalSection
EndGlobal
